
Microsoft Visual Studio Solution File, Format Version 12.00
# Visual Studio Version 17
VisualStudioVersion = 17.7.34202.233
MinimumVisualStudioVersion = 10.0.40219.1
Project("{FAE04EC0-301F-11D3-BF4B-00C04F79EFBC}") = "pount2", "pount2\pount2.csproj", "{F78E4D09-E45A-4BB6-AD96-68110D83CFF5}"
EndProject
Global
	GlobalSection(SolutionConfigurationPlatforms) = preSolution
		Debug|Any CPU = Debug|Any CPU
		Release|Any CPU = Release|Any CPU
	EndGlobalSection
	GlobalSection(ProjectConfigurationPlatforms) = postSolution
		{F78E4D09-E45A-4BB6-AD96-68110D83CFF5}.Debug|Any CPU.ActiveCfg = Debug|Any CPU
		{F78E4D09-E45A-4BB6-AD96-68110D83CFF5}.Debug|Any CPU.Build.0 = Debug|Any CPU
		{F78E4D09-E45A-4BB6-AD96-68110D83CFF5}.Release|Any CPU.ActiveCfg = Release|Any CPU
		{F78E4D09-E45A-4BB6-AD96-68110D83CFF5}.Release|Any CPU.Build.0 = Release|Any CPU
	EndGlobalSection
	GlobalSection(SolutionProperties) = preSolution
		HideSolutionNode = FALSE
	EndGlobalSection
	GlobalSection(ExtensibilityGlobals) = postSolution
		SolutionGuid = {27B956FA-CB3E-4A1D-94EF-DD86E411DC7C}
	EndGlobalSection
EndGlobal
